{
  "name": "browser-automation-common",
  "version": "1.0.0",
  "lockfileVersion": 3,
  "requires": true,
  "packages": {
    "": {
      "name": "browser-automation-common",
      "version": "1.0.0",
      "license": "ISC",
      "devDependencies": {
        "@tsconfig/node20": "^1.0.1",
        "typescript": "^5.1.6"
      }
    },
    "node_modules/@tsconfig/node20": {
      "version": "1.0.2",
      "resolved": "https://registry.npmjs.org/@tsconfig/node20/-/node20-1.0.2.tgz",
      "integrity": "sha512-pw0MmECiSTbBfIlT0x3iQLuJ8s3i2mwYoGxJ3vzqTNMdc4nO2VeqfCOQ/doGFa8iyPlqmBd98/5pBctWz7uN2A==",
      "dev": true
    },
    "node_modules/typescript": {
      "version": "5.3.3",
      "resolved": "https://registry.npmjs.org/typescript/-/typescript-5.3.3.tgz",
      "integrity": "sha512-pXWcraxM0uxAS+tN0AG/BF2TyqmHO014Z070UsJ+pFvYuRSq8KH8DmWpnbXe0pEPDHXZV3FcAbJkijJ5oNEnWw==",
      "dev": true,
      "bin": {
        "tsc": "bin/tsc",
        "tsserver": "bin/tsserver"
      },
      "engines": {
        "node": ">=14.17"
      }
    }
  }
}
